// !$*UTF8*$!
{
	archiveVersion = 1;
	classes = {
	};
	objectVersion = 50;
	objects = {

/* Begin PBXBuildFile section */
		4EBCF8DE237F533E0064AF90 /* AppDelegate.swift in Sources */ = {isa = PBXBuildFile; fileRef = 4EBCF8DD237F533E0064AF90 /* AppDelegate.swift */; };
		4EBCF8E7237F53410064AF90 /* Preview Assets.xcassets in Resources */ = {isa = PBXBuildFile; fileRef = 4EBCF8E6237F53410064AF90 /* Preview Assets.xcassets */; };
		4EBCF8EA237F53410064AF90 /* LaunchScreen.storyboard in Resources */ = {isa = PBXBuildFile; fileRef = 4EBCF8E8237F53410064AF90 /* LaunchScreen.storyboard */; };
		4EBCF8F2237F53750064AF90 /* Main.storyboard in Resources */ = {isa = PBXBuildFile; fileRef = 4EBCF8F1237F53750064AF90 /* Main.storyboard */; };
		4EBCF8F4237F53DE0064AF90 /* Assets.xcassets in Resources */ = {isa = PBXBuildFile; fileRef = 4EBCF8F3237F53DE0064AF90 /* Assets.xcassets */; };
		4EBCF8F9237F633E0064AF90 /* RestaurantViewController.swift in Sources */ = {isa = PBXBuildFile; fileRef = 4EBCF8F7237F633E0064AF90 /* RestaurantViewController.swift */; };
		4EBCF8FA237F633E0064AF90 /* ExploreViewController.swift in Sources */ = {isa = PBXBuildFile; fileRef = 4EBCF8F8237F633E0064AF90 /* ExploreViewController.swift */; };
/* End PBXBuildFile section */

/* Begin PBXFileReference section */
		4EBCF8DA237F533E0064AF90 /* iOweU.app */ = {isa = PBXFileReference; explicitFileType = wrapper.application; includeInIndex = 0; path = iOweU.app; sourceTree = BUILT_PRODUCTS_DIR; };
		4EBCF8DD237F533E0064AF90 /* AppDelegate.swift */ = {isa = PBXFileReference; lastKnownFileType = sourcecode.swift; path = AppDelegate.swift; sourceTree = "<group>"; };
		4EBCF8E6237F53410064AF90 /* Preview Assets.xcassets */ = {isa = PBXFileReference; lastKnownFileType = folder.assetcatalog; path = "Preview Assets.xcassets"; sourceTree = "<group>"; };
		4EBCF8E9237F53410064AF90 /* Base */ = {isa = PBXFileReference; lastKnownFileType = file.storyboard; name = Base; path = Base.lproj/LaunchScreen.storyboard; sourceTree = "<group>"; };
		4EBCF8EB237F53410064AF90 /* Info.plist */ = {isa = PBXFileReference; lastKnownFileType = text.plist.xml; path = Info.plist; sourceTree = "<group>"; };
		4EBCF8F1237F53750064AF90 /* Main.storyboard */ = {isa = PBXFileReference; lastKnownFileType = file.storyboard; path = Main.storyboard; sourceTree = "<group>"; };
		4EBCF8F3237F53DE0064AF90 /* Assets.xcassets */ = {isa = PBXFileReference; lastKnownFileType = folder.assetcatalog; path = Assets.xcassets; sourceTree = "<group>"; };
		4EBCF8F7237F633E0064AF90 /* RestaurantViewController.swift */ = {isa = PBXFileReference; fileEncoding = 4; lastKnownFileType = sourcecode.swift; path = RestaurantViewController.swift; sourceTree = "<group>"; };
		4EBCF8F8237F633E0064AF90 /* ExploreViewController.swift */ = {isa = PBXFileReference; fileEncoding = 4; lastKnownFileType = sourcecode.swift; path = ExploreViewController.swift; sourceTree = "<group>"; };
/* End PBXFileReference section */

/* Begin PBXFrameworksBuildPhase section */
		4EBCF8D7237F533E0064AF90 /* Frameworks */ = {
			isa = PBXFrameworksBuildPhase;
			buildActionMask = 2147483647;
			files = (
			);
			runOnlyForDeploymentPostprocessing = 0;
		};
/* End PBXFrameworksBuildPhase section */

/* Begin PBXGroup section */
		4EBCF8D1237F533E0064AF90 = {
			isa = PBXGroup;
			children = (
				4EBCF8DC237F533E0064AF90 /* iOweU */,
				4EBCF8DB237F533E0064AF90 /* Products */,
			);
			sourceTree = "<group>";
		};
		4EBCF8DB237F533E0064AF90 /* Products */ = {
			isa = PBXGroup;
			children = (
				4EBCF8DA237F533E0064AF90 /* iOweU.app */,
			);
			name = Products;
			sourceTree = "<group>";
		};
		4EBCF8DC237F533E0064AF90 /* iOweU */ = {
			isa = PBXGroup;
			children = (
				4EBCF8DD237F533E0064AF90 /* AppDelegate.swift */,
				4EBCF8F3237F53DE0064AF90 /* Assets.xcassets */,
				4EBCF8F1237F53750064AF90 /* Main.storyboard */,
				4EBCF8E8237F53410064AF90 /* LaunchScreen.storyboard */,
				4EBCF8F8237F633E0064AF90 /* ExploreViewController.swift */,
				4EBCF8F7237F633E0064AF90 /* RestaurantViewController.swift */,
				4EBCF8EB237F53410064AF90 /* Info.plist */,
				4EBCF8E5237F53410064AF90 /* Preview Content */,
			);
			path = iOweU;
			sourceTree = "<group>";
		};
		4EBCF8E5237F53410064AF90 /* Preview Content */ = {
			isa = PBXGroup;
			children = (
				4EBCF8E6237F53410064AF90 /* Preview Assets.xcassets */,
			);
			path = "Preview Content";
			sourceTree = "<group>";
		};
/* End PBXGroup section */

/* Begin PBXNativeTarget section */
		4EBCF8D9237F533E0064AF90 /* iOweU */ = {
			isa = PBXNativeTarget;
			buildConfigurationList = 4EBCF8EE237F53410064AF90 /* Build configuration list for PBXNativeTarget "iOweU" */;
			buildPhases = (
				4EBCF8D6237F533E0064AF90 /* Sources */,
				4EBCF8D7237F533E0064AF90 /* Frameworks */,
				4EBCF8D8237F533E0064AF90 /* Resources */,
			);
			buildRules = (
			);
			dependencies = (
			);
			name = iOweU;
			productName = iOweU;
			productReference = 4EBCF8DA237F533E0064AF90 /* iOweU.app */;
			productType = "com.apple.product-type.application";
		};
/* End PBXNativeTarget section */

/* Begin PBXProject section */
		4EBCF8D2237F533E0064AF90 /* Project object */ = {
			isa = PBXProject;
			attributes = {
				LastSwiftUpdateCheck = 1110;
				LastUpgradeCheck = 1110;
				ORGANIZATIONNAME = "Megan Liles";
				TargetAttributes = {
					4EBCF8D9237F533E0064AF90 = {
						CreatedOnToolsVersion = 11.1;
					};
				};
			};
			buildConfigurationList = 4EBCF8D5237F533E0064AF90 /* Build configuration list for PBXProject "iOweU" */;
			compatibilityVersion = "Xcode 9.3";
			developmentRegion = en;
			hasScannedForEncodings = 0;
			knownRegions = (
				en,
				Base,
			);
			mainGroup = 4EBCF8D1237F533E0064AF90;
			productRefGroup = 4EBCF8DB237F533E0064AF90 /* Products */;
			projectDirPath = "";
			projectRoot = "";
			targets = (
				4EBCF8D9237F533E0064AF90 /* iOweU */,
			);
		};
/* End PBXProject section */

/* Begin PBXResourcesBuildPhase section */
		4EBCF8D8237F533E0064AF90 /* Resources */ = {
			isa = PBXResourcesBuildPhase;
			buildActionMask = 2147483647;
			files = (
				4EBCF8EA237F53410064AF90 /* LaunchScreen.storyboard in Resources */,
				4EBCF8E7237F53410064AF90 /* Preview Assets.xcassets in Resources */,
				4EBCF8F4237F53DE0064AF90 /* Assets.xcassets in Resources */,
				4EBCF8F2237F53750064AF90 /* Main.storyboard in Resources */,
			);
			runOnlyForDeploymentPostprocessing = 0;
		};
/* End PBXResourcesBuildPhase section */

/* Begin PBXSourcesBuildPhase section */
		4EBCF8D6237F533E0064AF90 /* Sources */ = {
			isa = PBXSourcesBuildPhase;
			buildActionMask = 2147483647;
			files = (
				4EBCF8DE237F533E0064AF90 /* AppDelegate.swift in Sources */,
				4EBCF8F9237F633E0064AF90 /* RestaurantViewController.swift in Sources */,
				4EBCF8FA237F633E0064AF90 /* ExploreViewController.swift in Sources */,
			);
			runOnlyForDeploymentPostprocessing = 0;
		};
/* End PBXSourcesBuildPhase section */

/* Begin PBXVariantGroup section */
		4EBCF8E8237F53410064AF90 /* LaunchScreen.storyboard */ = {
			isa = PBXVariantGroup;
			children = (
				4EBCF8E9237F53410064AF90 /* Base */,
			);
			name = LaunchScreen.storyboard;
			sourceTree = "<group>";
		};
/* End PBXVariantGroup section */

/* Begin XCBuildConfiguration section */
		4EBCF8EC237F53410064AF90 /* Debug */ = {
			isa = XCBuildConfiguration;
			buildSettings = {
				ALWAYS_SEARCH_USER_PATHS = NO;
				CLANG_ANALYZER_NONNULL = YES;
				CLANG_ANALYZER_NUMBER_OBJECT_CONVERSION = YES_AGGRESSIVE;
				CLANG_CXX_LANGUAGE_STANDARD = "gnu++14";
				CLANG_CXX_LIBRARY = "libc++";
				CLANG_ENABLE_MODULES = YES;
				CLANG_ENABLE_OBJC_ARC = YES;
				CLANG_ENABLE_OBJC_WEAK = YES;
				CLANG_WARN_BLOCK_CAPTURE_AUTORELEASING = YES;
				CLANG_WARN_BOOL_CONVERSION = YES;
				CLANG_WARN_COMMA = YES;
				CLANG_WARN_CONSTANT_CONVERSION = YES;
				CLANG_WARN_DEPRECATED_OBJC_IMPLEMENTATIONS = YES;
				CLANG_WARN_DIRECT_OBJC_ISA_USAGE = YES_ERROR;
				CLANG_WARN_DOCUMENTATION_COMMENTS = YES;
				CLANG_WARN_EMPTY_BODY = YES;
				CLANG_WARN_ENUM_CONVERSION = YES;
				CLANG_WARN_INFINITE_RECURSION = YES;
				CLANG_WARN_INT_CONVERSION = YES;
				CLANG_WARN_NON_LITERAL_NULL_CONVERSION = YES;
				CLANG_WARN_OBJC_IMPLICIT_RETAIN_SELF = YES;
				CLANG_WARN_OBJC_LITERAL_CONVERSION = YES;
				CLANG_WARN_OBJC_ROOT_CLASS = YES_ERROR;
				CLANG_WARN_RANGE_LOOP_ANALYSIS = YES;
				CLANG_WARN_STRICT_PROTOTYPES = YES;
				CLANG_WARN_SUSPICIOUS_MOVE = YES;
				CLANG_WARN_UNGUARDED_AVAILABILITY = YES_AGGRESSIVE;
				CLANG_WARN_UNREACHABLE_CODE = YES;
				CLANG_WARN__DUPLICATE_METHOD_MATCH = YES;
				COPY_PHASE_STRIP = NO;
				DEBUG_INFORMATION_FORMAT = dwarf;
				ENABLE_STRICT_OBJC_MSGSEND = YES;
				ENABLE_TESTABILITY = YES;
				GCC_C_LANGUAGE_STANDARD = gnu11;
				GCC_DYNAMIC_NO_PIC = NO;
				GCC_NO_COMMON_BLOCKS = YES;
				GCC_OPTIMIZATION_LEVEL = 0;
				GCC_PREPROCESSOR_DEFINITIONS = (
					"DEBUG=1",
					"$(inherited)",
				);
				GCC_WARN_64_TO_32_BIT_CONVERSION = YES;
				GCC_WARN_ABOUT_RETURN_TYPE = YES_ERROR;
				GCC_WARN_UNDECLARED_SELECTOR = YES;
				GCC_WARN_UNINITIALIZED_AUTOS = YES_AGGRESSIVE;
				GCC_WARN_UNUSED_FUNCTION = YES;
				GCC_WARN_UNUSED_VARIABLE = YES;
				IPHONEOS_DEPLOYMENT_TARGET = 13.1;
				MTL_ENABLE_DEBUG_INFO = INCLUDE_SOURCE;
				MTL_FAST_MATH = YES;
				ONLY_ACTIVE_ARCH = YES;
				SDKROOT = iphoneos;
				SWIFT_ACTIVE_COMPILATION_CONDITIONS = DEBUG;
				SWIFT_OPTIMIZATION_LEVEL = "-Onone";
			};
			name = Debug;
		};
		4EBCF8ED237F53410064AF90 /* Release */ = {
			isa = XCBuildConfiguration;
			buildSettings = {
				ALWAYS_SEARCH_USER_PATHS = NO;
				CLANG_ANALYZER_NONNULL = YES;
				CLANG_ANALYZER_NUMBER_OBJECT_CONVERSION = YES_AGGRESSIVE;
				CLANG_CXX_LANGUAGE_STANDARD = "gnu++14";
				CLANG_CXX_LIBRARY = "libc++";
				CLANG_ENABLE_MODULES = YES;
				CLANG_ENABLE_OBJC_ARC = YES;
				CLANG_ENABLE_OBJC_WEAK = YES;
				CLANG_WARN_BLOCK_CAPTURE_AUTORELEASING = YES;
				CLANG_WARN_BOOL_CONVERSION = YES;
				CLANG_WARN_COMMA = YES;
				CLANG_WARN_CONSTANT_CONVERSION = YES;
				CLANG_WARN_DEPRECATED_OBJC_IMPLEMENTATIONS = YES;
				CLANG_WARN_DIRECT_OBJC_ISA_USAGE = YES_ERROR;
				CLANG_WARN_DOCUMENTATION_COMMENTS = YES;
				CLANG_WARN_EMPTY_BODY = YES;
				CLANG_WARN_ENUM_CONVERSION = YES;
				CLANG_WARN_INFINITE_RECURSION = YES;
				CLANG_WARN_INT_CONVERSION = YES;
				CLANG_WARN_NON_LITERAL_NULL_CONVERSION = YES;
				CLANG_WARN_OBJC_IMPLICIT_RETAIN_SELF = YES;
				CLANG_WARN_OBJC_LITERAL_CONVERSION = YES;
				CLANG_WARN_OBJC_ROOT_CLASS = YES_ERROR;
				CLANG_WARN_RANGE_LOOP_ANALYSIS = YES;
				CLANG_WARN_STRICT_PROTOTYPES = YES;
				CLANG_WARN_SUSPICIOUS_MOVE = YES;
				CLANG_WARN_UNGUARDED_AVAILABILITY = YES_AGGRESSIVE;
				CLANG_WARN_UNREACHABLE_CODE = YES;
				CLANG_WARN__DUPLICATE_METHOD_MATCH = YES;
				COPY_PHASE_STRIP = NO;
				DEBUG_INFORMATION_FORMAT = "dwarf-with-dsym";
				ENABLE_NS_ASSERTIONS = NO;
				ENABLE_STRICT_OBJC_MSGSEND = YES;
				GCC_C_LANGUAGE_STANDARD = gnu11;
				GCC_NO_COMMON_BLOCKS = YES;
				GCC_WARN_64_TO_32_BIT_CONVERSION = YES;
				GCC_WARN_ABOUT_RETURN_TYPE = YES_ERROR;
				GCC_WARN_UNDECLARED_SELECTOR = YES;
				GCC_WARN_UNINITIALIZED_AUTOS = YES_AGGRESSIVE;
				GCC_WARN_UNUSED_FUNCTION = YES;
				GCC_WARN_UNUSED_VARIABLE = YES;
				IPHONEOS_DEPLOYMENT_TARGET = 13.1;
				MTL_ENABLE_DEBUG_INFO = NO;
				MTL_FAST_MATH = YES;
				SDKROOT = iphoneos;
				SWIFT_COMPILATION_MODE = wholemodule;
				SWIFT_OPTIMIZATION_LEVEL = "-O";
				VALIDATE_PRODUCT = YES;
			};
			name = Release;
		};
		4EBCF8EF237F53410064AF90 /* Debug */ = {
			isa = XCBuildConfiguration;
			buildSettings = {
				ASSETCATALOG_COMPILER_APPICON_NAME = AppIcon;
				CODE_SIGN_STYLE = Automatic;
				DEVELOPMENT_ASSET_PATHS = "\"iOweU/Preview Content\"";
				DEVELOPMENT_TEAM = W3C8GNF5AA;
				ENABLE_PREVIEWS = YES;
				INFOPLIST_FILE = iOweU/Info.plist;
				LD_RUNPATH_SEARCH_PATHS = (
					"$(inherited)",
					"@executable_path/Frameworks",
				);
				PRODUCT_BUNDLE_IDENTIFIER = liles.megan.iOweU;
				PRODUCT_NAME = "$(TARGET_NAME)";
				SWIFT_VERSION = 5.0;
				TARGETED_DEVICE_FAMILY = "1,2";
			};
			name = Debug;
		};
		4EBCF8F0237F53410064AF90 /* Release */ = {
			isa = XCBuildConfiguration;
			buildSettings = {
				ASSETCATALOG_COMPILER_APPICON_NAME = AppIcon;
				CODE_SIGN_STYLE = Automatic;
				DEVELOPMENT_ASSET_PATHS = "\"iOweU/Preview Content\"";
				DEVELOPMENT_TEAM = W3C8GNF5AA;
				ENABLE_PREVIEWS = YES;
				INFOPLIST_FILE = iOweU/Info.plist;
				LD_RUNPATH_SEARCH_PATHS = (
					"$(inherited)",
					"@executable_path/Frameworks",
				);
				PRODUCT_BUNDLE_IDENTIFIER = liles.megan.iOweU;
				PRODUCT_NAME = "$(TARGET_NAME)";
				SWIFT_VERSION = 5.0;
				TARGETED_DEVICE_FAMILY = "1,2";
			};
			name = Release;
		};
/* End XCBuildConfiguration section */

/* Begin XCConfigurationList section */
		4EBCF8D5237F533E0064AF90 /* Build configuration list for PBXProject "iOweU" */ = {
			isa = XCConfigurationList;
			buildConfigurations = (
				4EBCF8EC237F53410064AF90 /* Debug */,
				4EBCF8ED237F53410064AF90 /* Release */,
			);
			defaultConfigurationIsVisible = 0;
			defaultConfigurationName = Release;
		};
		4EBCF8EE237F53410064AF90 /* Build configuration list for PBXNativeTarget "iOweU" */ = {
			isa = XCConfigurationList;
			buildConfigurations = (
				4EBCF8EF237F53410064AF90 /* Debug */,
				4EBCF8F0237F53410064AF90 /* Release */,
			);
			defaultConfigurationIsVisible = 0;
			defaultConfigurationName = Release;
		};
/* End XCConfigurationList section */
	};
	rootObject = 4EBCF8D2237F533E0064AF90 /* Project object */;
}
